
Microsoft Visual Studio Solution File, Format Version 12.00
# Visual Studio Version 17
VisualStudioVersion = 17.2.32210.308
MinimumVisualStudioVersion = 10.0.40219.1
Project("{9A19103F-16F7-4668-BE54-9A1E7A4F7556}") = "_153502_Berdnik", "_153502_Berdnik.csproj", "{20FBFA45-B30E-4A5F-B19C-9AB3262F6C38}"
EndProject
Global
	GlobalSection(SolutionConfigurationPlatforms) = preSolution
		Debug|Any CPU = Debug|Any CPU
		Release|Any CPU = Release|Any CPU
	EndGlobalSection
	GlobalSection(ProjectConfigurationPlatforms) = postSolution
		{20FBFA45-B30E-4A5F-B19C-9AB3262F6C38}.Debug|Any CPU.ActiveCfg = Debug|Any CPU
		{20FBFA45-B30E-4A5F-B19C-9AB3262F6C38}.Debug|Any CPU.Build.0 = Debug|Any CPU
		{20FBFA45-B30E-4A5F-B19C-9AB3262F6C38}.Release|Any CPU.ActiveCfg = Release|Any CPU
		{20FBFA45-B30E-4A5F-B19C-9AB3262F6C38}.Release|Any CPU.Build.0 = Release|Any CPU
	EndGlobalSection
	GlobalSection(SolutionProperties) = preSolution
		HideSolutionNode = FALSE
	EndGlobalSection
	GlobalSection(ExtensibilityGlobals) = postSolution
		SolutionGuid = {F96BA564-C969-4C2B-A977-E3BD50EF8703}
	EndGlobalSection
EndGlobal
