
Microsoft Visual Studio Solution File, Format Version 12.00
# Visual Studio Version 17
VisualStudioVersion = 17.2.32210.308
MinimumVisualStudioVersion = 10.0.40219.1
Project("{9A19103F-16F7-4668-BE54-9A1E7A4F7556}") = "lab4", "lab4\lab4.csproj", "{9285EAED-2D25-41EF-AEA5-4CE374CA704E}"
EndProject
Project("{FAE04EC0-301F-11D3-BF4B-00C04F79EFBC}") = "test", "test\test.csproj", "{C1D4AD17-B250-49A3-A11E-AE4FEEACAF4F}"
EndProject
Global
	GlobalSection(SolutionConfigurationPlatforms) = preSolution
		Debug|Any CPU = Debug|Any CPU
		Release|Any CPU = Release|Any CPU
	EndGlobalSection
	GlobalSection(ProjectConfigurationPlatforms) = postSolution
		{9285EAED-2D25-41EF-AEA5-4CE374CA704E}.Debug|Any CPU.ActiveCfg = Debug|Any CPU
		{9285EAED-2D25-41EF-AEA5-4CE374CA704E}.Debug|Any CPU.Build.0 = Debug|Any CPU
		{9285EAED-2D25-41EF-AEA5-4CE374CA704E}.Release|Any CPU.ActiveCfg = Release|Any CPU
		{9285EAED-2D25-41EF-AEA5-4CE374CA704E}.Release|Any CPU.Build.0 = Release|Any CPU
		{C1D4AD17-B250-49A3-A11E-AE4FEEACAF4F}.Debug|Any CPU.ActiveCfg = Debug|Any CPU
		{C1D4AD17-B250-49A3-A11E-AE4FEEACAF4F}.Debug|Any CPU.Build.0 = Debug|Any CPU
		{C1D4AD17-B250-49A3-A11E-AE4FEEACAF4F}.Release|Any CPU.ActiveCfg = Release|Any CPU
		{C1D4AD17-B250-49A3-A11E-AE4FEEACAF4F}.Release|Any CPU.Build.0 = Release|Any CPU
	EndGlobalSection
	GlobalSection(SolutionProperties) = preSolution
		HideSolutionNode = FALSE
	EndGlobalSection
	GlobalSection(ExtensibilityGlobals) = postSolution
		SolutionGuid = {8E9960BF-8B34-4A13-AA9E-098132CAECDA}
	EndGlobalSection
EndGlobal
